// !$*UTF8*$!
{
	archiveVersion = 1;
	classes = {
	};
	objectVersion = 50;
	objects = {

/* Begin PBXBuildFile section */
		3DCF120222FB74F900CC71D6 /* AppDelegate.swift in Sources */ = {isa = PBXBuildFile; fileRef = 3DCF120122FB74F900CC71D6 /* AppDelegate.swift */; };
		3DCF120422FB74F900CC71D6 /* ViewController.swift in Sources */ = {isa = PBXBuildFile; fileRef = 3DCF120322FB74F900CC71D6 /* ViewController.swift */; };
		3DCF120722FB74F900CC71D6 /* Main.storyboard in Resources */ = {isa = PBXBuildFile; fileRef = 3DCF120522FB74F900CC71D6 /* Main.storyboard */; };
		3DCF120922FB74FB00CC71D6 /* Assets.xcassets in Resources */ = {isa = PBXBuildFile; fileRef = 3DCF120822FB74FB00CC71D6 /* Assets.xcassets */; };
		3DCF120C22FB74FB00CC71D6 /* LaunchScreen.storyboard in Resources */ = {isa = PBXBuildFile; fileRef = 3DCF120A22FB74FB00CC71D6 /* LaunchScreen.storyboard */; };
		3DCF121722FB74FB00CC71D6 /* calculadoraTests.swift in Sources */ = {isa = PBXBuildFile; fileRef = 3DCF121622FB74FB00CC71D6 /* calculadoraTests.swift */; };
		3DCF122222FB74FB00CC71D6 /* calculadoraUITests.swift in Sources */ = {isa = PBXBuildFile; fileRef = 3DCF122122FB74FB00CC71D6 /* calculadoraUITests.swift */; };
/* End PBXBuildFile section */

/* Begin PBXContainerItemProxy section */
		3DCF121322FB74FB00CC71D6 /* PBXContainerItemProxy */ = {
			isa = PBXContainerItemProxy;
			containerPortal = 3DCF11F622FB74F900CC71D6 /* Project object */;
			proxyType = 1;
			remoteGlobalIDString = 3DCF11FD22FB74F900CC71D6;
			remoteInfo = calculadora;
		};
		3DCF121E22FB74FB00CC71D6 /* PBXContainerItemProxy */ = {
			isa = PBXContainerItemProxy;
			containerPortal = 3DCF11F622FB74F900CC71D6 /* Project object */;
			proxyType = 1;
			remoteGlobalIDString = 3DCF11FD22FB74F900CC71D6;
			remoteInfo = calculadora;
		};
/* End PBXContainerItemProxy section */

/* Begin PBXFileReference section */
		3DCF11FE22FB74F900CC71D6 /* calculadora.app */ = {isa = PBXFileReference; explicitFileType = wrapper.application; includeInIndex = 0; path = calculadora.app; sourceTree = BUILT_PRODUCTS_DIR; };
		3DCF120122FB74F900CC71D6 /* AppDelegate.swift */ = {isa = PBXFileReference; lastKnownFileType = sourcecode.swift; path = AppDelegate.swift; sourceTree = "<group>"; };
		3DCF120322FB74F900CC71D6 /* ViewController.swift */ = {isa = PBXFileReference; lastKnownFileType = sourcecode.swift; path = ViewController.swift; sourceTree = "<group>"; };
		3DCF120622FB74F900CC71D6 /* Base */ = {isa = PBXFileReference; lastKnownFileType = file.storyboard; name = Base; path = Base.lproj/Main.storyboard; sourceTree = "<group>"; };
		3DCF120822FB74FB00CC71D6 /* Assets.xcassets */ = {isa = PBXFileReference; lastKnownFileType = folder.assetcatalog; path = Assets.xcassets; sourceTree = "<group>"; };
		3DCF120B22FB74FB00CC71D6 /* Base */ = {isa = PBXFileReference; lastKnownFileType = file.storyboard; name = Base; path = Base.lproj/LaunchScreen.storyboard; sourceTree = "<group>"; };
		3DCF120D22FB74FB00CC71D6 /* Info.plist */ = {isa = PBXFileReference; lastKnownFileType = text.plist.xml; path = Info.plist; sourceTree = "<group>"; };
		3DCF121222FB74FB00CC71D6 /* calculadoraTests.xctest */ = {isa = PBXFileReference; explicitFileType = wrapper.cfbundle; includeInIndex = 0; path = calculadoraTests.xctest; sourceTree = BUILT_PRODUCTS_DIR; };
		3DCF121622FB74FB00CC71D6 /* calculadoraTests.swift */ = {isa = PBXFileReference; lastKnownFileType = sourcecode.swift; path = calculadoraTests.swift; sourceTree = "<group>"; };
		3DCF121822FB74FB00CC71D6 /* Info.plist */ = {isa = PBXFileReference; lastKnownFileType = text.plist.xml; path = Info.plist; sourceTree = "<group>"; };
		3DCF121D22FB74FB00CC71D6 /* calculadoraUITests.xctest */ = {isa = PBXFileReference; explicitFileType = wrapper.cfbundle; includeInIndex = 0; path = calculadoraUITests.xctest; sourceTree = BUILT_PRODUCTS_DIR; };
		3DCF122122FB74FB00CC71D6 /* calculadoraUITests.swift */ = {isa = PBXFileReference; lastKnownFileType = sourcecode.swift; path = calculadoraUITests.swift; sourceTree = "<group>"; };
		3DCF122322FB74FB00CC71D6 /* Info.plist */ = {isa = PBXFileReference; lastKnownFileType = text.plist.xml; path = Info.plist; sourceTree = "<group>"; };
/* End PBXFileReference section */

/* Begin PBXFrameworksBuildPhase section */
		3DCF11FB22FB74F900CC71D6 /* Frameworks */ = {
			isa = PBXFrameworksBuildPhase;
			buildActionMask = 2147483647;
			files = (
			);
			runOnlyForDeploymentPostprocessing = 0;
		};
		3DCF120F22FB74FB00CC71D6 /* Frameworks */ = {
			isa = PBXFrameworksBuildPhase;
			buildActionMask = 2147483647;
			files = (
			);
			runOnlyForDeploymentPostprocessing = 0;
		};
		3DCF121A22FB74FB00CC71D6 /* Frameworks */ = {
			isa = PBXFrameworksBuildPhase;
			buildActionMask = 2147483647;
			files = (
			);
			runOnlyForDeploymentPostprocessing = 0;
		};
/* End PBXFrameworksBuildPhase section */

/* Begin PBXGroup section */
		3DCF11F522FB74F900CC71D6 = {
			isa = PBXGroup;
			children = (
				3DCF120022FB74F900CC71D6 /* calculadora */,
				3DCF121522FB74FB00CC71D6 /* calculadoraTests */,
				3DCF122022FB74FB00CC71D6 /* calculadoraUITests */,
				3DCF11FF22FB74F900CC71D6 /* Products */,
			);
			sourceTree = "<group>";
		};
		3DCF11FF22FB74F900CC71D6 /* Products */ = {
			isa = PBXGroup;
			children = (
				3DCF11FE22FB74F900CC71D6 /* calculadora.app */,
				3DCF121222FB74FB00CC71D6 /* calculadoraTests.xctest */,
				3DCF121D22FB74FB00CC71D6 /* calculadoraUITests.xctest */,
			);
			name = Products;
			sourceTree = "<group>";
		};
		3DCF120022FB74F900CC71D6 /* calculadora */ = {
			isa = PBXGroup;
			children = (
				3DCF120122FB74F900CC71D6 /* AppDelegate.swift */,
				3DCF120322FB74F900CC71D6 /* ViewController.swift */,
				3DCF120522FB74F900CC71D6 /* Main.storyboard */,
				3DCF120822FB74FB00CC71D6 /* Assets.xcassets */,
				3DCF120A22FB74FB00CC71D6 /* LaunchScreen.storyboard */,
				3DCF120D22FB74FB00CC71D6 /* Info.plist */,
			);
			path = calculadora;
			sourceTree = "<group>";
		};
		3DCF121522FB74FB00CC71D6 /* calculadoraTests */ = {
			isa = PBXGroup;
			children = (
				3DCF121622FB74FB00CC71D6 /* calculadoraTests.swift */,
				3DCF121822FB74FB00CC71D6 /* Info.plist */,
			);
			path = calculadoraTests;
			sourceTree = "<group>";
		};
		3DCF122022FB74FB00CC71D6 /* calculadoraUITests */ = {
			isa = PBXGroup;
			children = (
				3DCF122122FB74FB00CC71D6 /* calculadoraUITests.swift */,
				3DCF122322FB74FB00CC71D6 /* Info.plist */,
			);
			path = calculadoraUITests;
			sourceTree = "<group>";
		};
/* End PBXGroup section */

/* Begin PBXNativeTarget section */
		3DCF11FD22FB74F900CC71D6 /* calculadora */ = {
			isa = PBXNativeTarget;
			buildConfigurationList = 3DCF122622FB74FB00CC71D6 /* Build configuration list for PBXNativeTarget "calculadora" */;
			buildPhases = (
				3DCF11FA22FB74F900CC71D6 /* Sources */,
				3DCF11FB22FB74F900CC71D6 /* Frameworks */,
				3DCF11FC22FB74F900CC71D6 /* Resources */,
			);
			buildRules = (
			);
			dependencies = (
			);
			name = calculadora;
			productName = calculadora;
			productReference = 3DCF11FE22FB74F900CC71D6 /* calculadora.app */;
			productType = "com.apple.product-type.application";
		};
		3DCF121122FB74FB00CC71D6 /* calculadoraTests */ = {
			isa = PBXNativeTarget;
			buildConfigurationList = 3DCF122922FB74FB00CC71D6 /* Build configuration list for PBXNativeTarget "calculadoraTests" */;
			buildPhases = (
				3DCF120E22FB74FB00CC71D6 /* Sources */,
				3DCF120F22FB74FB00CC71D6 /* Frameworks */,
				3DCF121022FB74FB00CC71D6 /* Resources */,
			);
			buildRules = (
			);
			dependencies = (
				3DCF121422FB74FB00CC71D6 /* PBXTargetDependency */,
			);
			name = calculadoraTests;
			productName = calculadoraTests;
			productReference = 3DCF121222FB74FB00CC71D6 /* calculadoraTests.xctest */;
			productType = "com.apple.product-type.bundle.unit-test";
		};
		3DCF121C22FB74FB00CC71D6 /* calculadoraUITests */ = {
			isa = PBXNativeTarget;
			buildConfigurationList = 3DCF122C22FB74FB00CC71D6 /* Build configuration list for PBXNativeTarget "calculadoraUITests" */;
			buildPhases = (
				3DCF121922FB74FB00CC71D6 /* Sources */,
				3DCF121A22FB74FB00CC71D6 /* Frameworks */,
				3DCF121B22FB74FB00CC71D6 /* Resources */,
			);
			buildRules = (
			);
			dependencies = (
				3DCF121F22FB74FB00CC71D6 /* PBXTargetDependency */,
			);
			name = calculadoraUITests;
			productName = calculadoraUITests;
			productReference = 3DCF121D22FB74FB00CC71D6 /* calculadoraUITests.xctest */;
			productType = "com.apple.product-type.bundle.ui-testing";
		};
/* End PBXNativeTarget section */

/* Begin PBXProject section */
		3DCF11F622FB74F900CC71D6 /* Project object */ = {
			isa = PBXProject;
			attributes = {
				LastSwiftUpdateCheck = 0940;
				LastUpgradeCheck = 0940;
				ORGANIZATIONNAME = Alumno;
				TargetAttributes = {
					3DCF11FD22FB74F900CC71D6 = {
						CreatedOnToolsVersion = 9.4.1;
					};
					3DCF121122FB74FB00CC71D6 = {
						CreatedOnToolsVersion = 9.4.1;
						TestTargetID = 3DCF11FD22FB74F900CC71D6;
					};
					3DCF121C22FB74FB00CC71D6 = {
						CreatedOnToolsVersion = 9.4.1;
						TestTargetID = 3DCF11FD22FB74F900CC71D6;
					};
				};
			};
			buildConfigurationList = 3DCF11F922FB74F900CC71D6 /* Build configuration list for PBXProject "calculadora" */;
			compatibilityVersion = "Xcode 9.3";
			developmentRegion = en;
			hasScannedForEncodings = 0;
			knownRegions = (
				en,
				Base,
			);
			mainGroup = 3DCF11F522FB74F900CC71D6;
			productRefGroup = 3DCF11FF22FB74F900CC71D6 /* Products */;
			projectDirPath = "";
			projectRoot = "";
			targets = (
				3DCF11FD22FB74F900CC71D6 /* calculadora */,
				3DCF121122FB74FB00CC71D6 /* calculadoraTests */,
				3DCF121C22FB74FB00CC71D6 /* calculadoraUITests */,
			);
		};
/* End PBXProject section */

/* Begin PBXResourcesBuildPhase section */
		3DCF11FC22FB74F900CC71D6 /* Resources */ = {
			isa = PBXResourcesBuildPhase;
			buildActionMask = 2147483647;
			files = (
				3DCF120C22FB74FB00CC71D6 /* LaunchScreen.storyboard in Resources */,
				3DCF120922FB74FB00CC71D6 /* Assets.xcassets in Resources */,
				3DCF120722FB74F900CC71D6 /* Main.storyboard in Resources */,
			);
			runOnlyForDeploymentPostprocessing = 0;
		};
		3DCF121022FB74FB00CC71D6 /* Resources */ = {
			isa = PBXResourcesBuildPhase;
			buildActionMask = 2147483647;
			files = (
			);
			runOnlyForDeploymentPostprocessing = 0;
		};
		3DCF121B22FB74FB00CC71D6 /* Resources */ = {
			isa = PBXResourcesBuildPhase;
			buildActionMask = 2147483647;
			files = (
			);
			runOnlyForDeploymentPostprocessing = 0;
		};
/* End PBXResourcesBuildPhase section */

/* Begin PBXSourcesBuildPhase section */
		3DCF11FA22FB74F900CC71D6 /* Sources */ = {
			isa = PBXSourcesBuildPhase;
			buildActionMask = 2147483647;
			files = (
				3DCF120422FB74F900CC71D6 /* ViewController.swift in Sources */,
				3DCF120222FB74F900CC71D6 /* AppDelegate.swift in Sources */,
			);
			runOnlyForDeploymentPostprocessing = 0;
		};
		3DCF120E22FB74FB00CC71D6 /* Sources */ = {
			isa = PBXSourcesBuildPhase;
			buildActionMask = 2147483647;
			files = (
				3DCF121722FB74FB00CC71D6 /* calculadoraTests.swift in Sources */,
			);
			runOnlyForDeploymentPostprocessing = 0;
		};
		3DCF121922FB74FB00CC71D6 /* Sources */ = {
			isa = PBXSourcesBuildPhase;
			buildActionMask = 2147483647;
			files = (
				3DCF122222FB74FB00CC71D6 /* calculadoraUITests.swift in Sources */,
			);
			runOnlyForDeploymentPostprocessing = 0;
		};
/* End PBXSourcesBuildPhase section */

/* Begin PBXTargetDependency section */
		3DCF121422FB74FB00CC71D6 /* PBXTargetDependency */ = {
			isa = PBXTargetDependency;
			target = 3DCF11FD22FB74F900CC71D6 /* calculadora */;
			targetProxy = 3DCF121322FB74FB00CC71D6 /* PBXContainerItemProxy */;
		};
		3DCF121F22FB74FB00CC71D6 /* PBXTargetDependency */ = {
			isa = PBXTargetDependency;
			target = 3DCF11FD22FB74F900CC71D6 /* calculadora */;
			targetProxy = 3DCF121E22FB74FB00CC71D6 /* PBXContainerItemProxy */;
		};
/* End PBXTargetDependency section */

/* Begin PBXVariantGroup section */
		3DCF120522FB74F900CC71D6 /* Main.storyboard */ = {
			isa = PBXVariantGroup;
			children = (
				3DCF120622FB74F900CC71D6 /* Base */,
			);
			name = Main.storyboard;
			sourceTree = "<group>";
		};
		3DCF120A22FB74FB00CC71D6 /* LaunchScreen.storyboard */ = {
			isa = PBXVariantGroup;
			children = (
				3DCF120B22FB74FB00CC71D6 /* Base */,
			);
			name = LaunchScreen.storyboard;
			sourceTree = "<group>";
		};
/* End PBXVariantGroup section */

/* Begin XCBuildConfiguration section */
		3DCF122422FB74FB00CC71D6 /* Debug */ = {
			isa = XCBuildConfiguration;
			buildSettings = {
				ALWAYS_SEARCH_USER_PATHS = NO;
				CLANG_ANALYZER_NONNULL = YES;
				CLANG_ANALYZER_NUMBER_OBJECT_CONVERSION = YES_AGGRESSIVE;
				CLANG_CXX_LANGUAGE_STANDARD = "gnu++14";
				CLANG_CXX_LIBRARY = "libc++";
				CLANG_ENABLE_MODULES = YES;
				CLANG_ENABLE_OBJC_ARC = YES;
				CLANG_ENABLE_OBJC_WEAK = YES;
				CLANG_WARN_BLOCK_CAPTURE_AUTORELEASING = YES;
				CLANG_WARN_BOOL_CONVERSION = YES;
				CLANG_WARN_COMMA = YES;
				CLANG_WARN_CONSTANT_CONVERSION = YES;
				CLANG_WARN_DEPRECATED_OBJC_IMPLEMENTATIONS = YES;
				CLANG_WARN_DIRECT_OBJC_ISA_USAGE = YES_ERROR;
				CLANG_WARN_DOCUMENTATION_COMMENTS = YES;
				CLANG_WARN_EMPTY_BODY = YES;
				CLANG_WARN_ENUM_CONVERSION = YES;
				CLANG_WARN_INFINITE_RECURSION = YES;
				CLANG_WARN_INT_CONVERSION = YES;
				CLANG_WARN_NON_LITERAL_NULL_CONVERSION = YES;
				CLANG_WARN_OBJC_IMPLICIT_RETAIN_SELF = YES;
				CLANG_WARN_OBJC_LITERAL_CONVERSION = YES;
				CLANG_WARN_OBJC_ROOT_CLASS = YES_ERROR;
				CLANG_WARN_RANGE_LOOP_ANALYSIS = YES;
				CLANG_WARN_STRICT_PROTOTYPES = YES;
				CLANG_WARN_SUSPICIOUS_MOVE = YES;
				CLANG_WARN_UNGUARDED_AVAILABILITY = YES_AGGRESSIVE;
				CLANG_WARN_UNREACHABLE_CODE = YES;
				CLANG_WARN__DUPLICATE_METHOD_MATCH = YES;
				CODE_SIGN_IDENTITY = "iPhone Developer";
				COPY_PHASE_STRIP = NO;
				DEBUG_INFORMATION_FORMAT = dwarf;
				ENABLE_STRICT_OBJC_MSGSEND = YES;
				ENABLE_TESTABILITY = YES;
				GCC_C_LANGUAGE_STANDARD = gnu11;
				GCC_DYNAMIC_NO_PIC = NO;
				GCC_NO_COMMON_BLOCKS = YES;
				GCC_OPTIMIZATION_LEVEL = 0;
				GCC_PREPROCESSOR_DEFINITIONS = (
					"DEBUG=1",
					"$(inherited)",
				);
				GCC_WARN_64_TO_32_BIT_CONVERSION = YES;
				GCC_WARN_ABOUT_RETURN_TYPE = YES_ERROR;
				GCC_WARN_UNDECLARED_SELECTOR = YES;
				GCC_WARN_UNINITIALIZED_AUTOS = YES_AGGRESSIVE;
				GCC_WARN_UNUSED_FUNCTION = YES;
				GCC_WARN_UNUSED_VARIABLE = YES;
				IPHONEOS_DEPLOYMENT_TARGET = 11.4;
				MTL_ENABLE_DEBUG_INFO = YES;
				ONLY_ACTIVE_ARCH = YES;
				SDKROOT = iphoneos;
				SWIFT_ACTIVE_COMPILATION_CONDITIONS = DEBUG;
				SWIFT_OPTIMIZATION_LEVEL = "-Onone";
			};
			name = Debug;
		};
		3DCF122522FB74FB00CC71D6 /* Release */ = {
			isa = XCBuildConfiguration;
			buildSettings = {
				ALWAYS_SEARCH_USER_PATHS = NO;
				CLANG_ANALYZER_NONNULL = YES;
				CLANG_ANALYZER_NUMBER_OBJECT_CONVERSION = YES_AGGRESSIVE;
				CLANG_CXX_LANGUAGE_STANDARD = "gnu++14";
				CLANG_CXX_LIBRARY = "libc++";
				CLANG_ENABLE_MODULES = YES;
				CLANG_ENABLE_OBJC_ARC = YES;
				CLANG_ENABLE_OBJC_WEAK = YES;
				CLANG_WARN_BLOCK_CAPTURE_AUTORELEASING = YES;
				CLANG_WARN_BOOL_CONVERSION = YES;
				CLANG_WARN_COMMA = YES;
				CLANG_WARN_CONSTANT_CONVERSION = YES;
				CLANG_WARN_DEPRECATED_OBJC_IMPLEMENTATIONS = YES;
				CLANG_WARN_DIRECT_OBJC_ISA_USAGE = YES_ERROR;
				CLANG_WARN_DOCUMENTATION_COMMENTS = YES;
				CLANG_WARN_EMPTY_BODY = YES;
				CLANG_WARN_ENUM_CONVERSION = YES;
				CLANG_WARN_INFINITE_RECURSION = YES;
				CLANG_WARN_INT_CONVERSION = YES;
				CLANG_WARN_NON_LITERAL_NULL_CONVERSION = YES;
				CLANG_WARN_OBJC_IMPLICIT_RETAIN_SELF = YES;
				CLANG_WARN_OBJC_LITERAL_CONVERSION = YES;
				CLANG_WARN_OBJC_ROOT_CLASS = YES_ERROR;
				CLANG_WARN_RANGE_LOOP_ANALYSIS = YES;
				CLANG_WARN_STRICT_PROTOTYPES = YES;
				CLANG_WARN_SUSPICIOUS_MOVE = YES;
				CLANG_WARN_UNGUARDED_AVAILABILITY = YES_AGGRESSIVE;
				CLANG_WARN_UNREACHABLE_CODE = YES;
				CLANG_WARN__DUPLICATE_METHOD_MATCH = YES;
				CODE_SIGN_IDENTITY = "iPhone Developer";
				COPY_PHASE_STRIP = NO;
				DEBUG_INFORMATION_FORMAT = "dwarf-with-dsym";
				ENABLE_NS_ASSERTIONS = NO;
				ENABLE_STRICT_OBJC_MSGSEND = YES;
				GCC_C_LANGUAGE_STANDARD = gnu11;
				GCC_NO_COMMON_BLOCKS = YES;
				GCC_WARN_64_TO_32_BIT_CONVERSION = YES;
				GCC_WARN_ABOUT_RETURN_TYPE = YES_ERROR;
				GCC_WARN_UNDECLARED_SELECTOR = YES;
				GCC_WARN_UNINITIALIZED_AUTOS = YES_AGGRESSIVE;
				GCC_WARN_UNUSED_FUNCTION = YES;
				GCC_WARN_UNUSED_VARIABLE = YES;
				IPHONEOS_DEPLOYMENT_TARGET = 11.4;
				MTL_ENABLE_DEBUG_INFO = NO;
				SDKROOT = iphoneos;
				SWIFT_COMPILATION_MODE = wholemodule;
				SWIFT_OPTIMIZATION_LEVEL = "-O";
				VALIDATE_PRODUCT = YES;
			};
			name = Release;
		};
		3DCF122722FB74FB00CC71D6 /* Debug */ = {
			isa = XCBuildConfiguration;
			buildSettings = {
				ASSETCATALOG_COMPILER_APPICON_NAME = AppIcon;
				CODE_SIGN_STYLE = Automatic;
				INFOPLIST_FILE = calculadora/Info.plist;
				LD_RUNPATH_SEARCH_PATHS = (
					"$(inherited)",
					"@executable_path/Frameworks",
				);
				PRODUCT_BUNDLE_IDENTIFIER = edu.ulsa.calculadora;
				PRODUCT_NAME = "$(TARGET_NAME)";
				SWIFT_VERSION = 4.0;
				TARGETED_DEVICE_FAMILY = "1,2";
			};
			name = Debug;
		};
		3DCF122822FB74FB00CC71D6 /* Release */ = {
			isa = XCBuildConfiguration;
			buildSettings = {
				ASSETCATALOG_COMPILER_APPICON_NAME = AppIcon;
				CODE_SIGN_STYLE = Automatic;
				INFOPLIST_FILE = calculadora/Info.plist;
				LD_RUNPATH_SEARCH_PATHS = (
					"$(inherited)",
					"@executable_path/Frameworks",
				);
				PRODUCT_BUNDLE_IDENTIFIER = edu.ulsa.calculadora;
				PRODUCT_NAME = "$(TARGET_NAME)";
				SWIFT_VERSION = 4.0;
				TARGETED_DEVICE_FAMILY = "1,2";
			};
			name = Release;
		};
		3DCF122A22FB74FB00CC71D6 /* Debug */ = {
			isa = XCBuildConfiguration;
			buildSettings = {
				ALWAYS_EMBED_SWIFT_STANDARD_LIBRARIES = YES;
				BUNDLE_LOADER = "$(TEST_HOST)";
				CODE_SIGN_STYLE = Automatic;
				INFOPLIST_FILE = calculadoraTests/Info.plist;
				LD_RUNPATH_SEARCH_PATHS = (
					"$(inherited)",
					"@executable_path/Frameworks",
					"@loader_path/Frameworks",
				);
				PRODUCT_BUNDLE_IDENTIFIER = edu.ulsa.calculadoraTests;
				PRODUCT_NAME = "$(TARGET_NAME)";
				SWIFT_VERSION = 4.0;
				TARGETED_DEVICE_FAMILY = "1,2";
				TEST_HOST = "$(BUILT_PRODUCTS_DIR)/calculadora.app/calculadora";
			};
			name = Debug;
		};
		3DCF122B22FB74FB00CC71D6 /* Release */ = {
			isa = XCBuildConfiguration;
			buildSettings = {
				ALWAYS_EMBED_SWIFT_STANDARD_LIBRARIES = YES;
				BUNDLE_LOADER = "$(TEST_HOST)";
				CODE_SIGN_STYLE = Automatic;
				INFOPLIST_FILE = calculadoraTests/Info.plist;
				LD_RUNPATH_SEARCH_PATHS = (
					"$(inherited)",
					"@executable_path/Frameworks",
					"@loader_path/Frameworks",
				);
				PRODUCT_BUNDLE_IDENTIFIER = edu.ulsa.calculadoraTests;
				PRODUCT_NAME = "$(TARGET_NAME)";
				SWIFT_VERSION = 4.0;
				TARGETED_DEVICE_FAMILY = "1,2";
				TEST_HOST = "$(BUILT_PRODUCTS_DIR)/calculadora.app/calculadora";
			};
			name = Release;
		};
		3DCF122D22FB74FB00CC71D6 /* Debug */ = {
			isa = XCBuildConfiguration;
			buildSettings = {
				ALWAYS_EMBED_SWIFT_STANDARD_LIBRARIES = YES;
				CODE_SIGN_STYLE = Automatic;
				INFOPLIST_FILE = calculadoraUITests/Info.plist;
				LD_RUNPATH_SEARCH_PATHS = (
					"$(inherited)",
					"@executable_path/Frameworks",
					"@loader_path/Frameworks",
				);
				PRODUCT_BUNDLE_IDENTIFIER = edu.ulsa.calculadoraUITests;
				PRODUCT_NAME = "$(TARGET_NAME)";
				SWIFT_VERSION = 4.0;
				TARGETED_DEVICE_FAMILY = "1,2";
				TEST_TARGET_NAME = calculadora;
			};
			name = Debug;
		};
		3DCF122E22FB74FB00CC71D6 /* Release */ = {
			isa = XCBuildConfiguration;
			buildSettings = {
				ALWAYS_EMBED_SWIFT_STANDARD_LIBRARIES = YES;
				CODE_SIGN_STYLE = Automatic;
				INFOPLIST_FILE = calculadoraUITests/Info.plist;
				LD_RUNPATH_SEARCH_PATHS = (
					"$(inherited)",
					"@executable_path/Frameworks",
					"@loader_path/Frameworks",
				);
				PRODUCT_BUNDLE_IDENTIFIER = edu.ulsa.calculadoraUITests;
				PRODUCT_NAME = "$(TARGET_NAME)";
				SWIFT_VERSION = 4.0;
				TARGETED_DEVICE_FAMILY = "1,2";
				TEST_TARGET_NAME = calculadora;
			};
			name = Release;
		};
/* End XCBuildConfiguration section */

/* Begin XCConfigurationList section */
		3DCF11F922FB74F900CC71D6 /* Build configuration list for PBXProject "calculadora" */ = {
			isa = XCConfigurationList;
			buildConfigurations = (
				3DCF122422FB74FB00CC71D6 /* Debug */,
				3DCF122522FB74FB00CC71D6 /* Release */,
			);
			defaultConfigurationIsVisible = 0;
			defaultConfigurationName = Release;
		};
		3DCF122622FB74FB00CC71D6 /* Build configuration list for PBXNativeTarget "calculadora" */ = {
			isa = XCConfigurationList;
			buildConfigurations = (
				3DCF122722FB74FB00CC71D6 /* Debug */,
				3DCF122822FB74FB00CC71D6 /* Release */,
			);
			defaultConfigurationIsVisible = 0;
			defaultConfigurationName = Release;
		};
		3DCF122922FB74FB00CC71D6 /* Build configuration list for PBXNativeTarget "calculadoraTests" */ = {
			isa = XCConfigurationList;
			buildConfigurations = (
				3DCF122A22FB74FB00CC71D6 /* Debug */,
				3DCF122B22FB74FB00CC71D6 /* Release */,
			);
			defaultConfigurationIsVisible = 0;
			defaultConfigurationName = Release;
		};
		3DCF122C22FB74FB00CC71D6 /* Build configuration list for PBXNativeTarget "calculadoraUITests" */ = {
			isa = XCConfigurationList;
			buildConfigurations = (
				3DCF122D22FB74FB00CC71D6 /* Debug */,
				3DCF122E22FB74FB00CC71D6 /* Release */,
			);
			defaultConfigurationIsVisible = 0;
			defaultConfigurationName = Release;
		};
/* End XCConfigurationList section */
	};
	rootObject = 3DCF11F622FB74F900CC71D6 /* Project object */;
}
